{
  "version": 4,
  "terraform_version": "0.14.8",
  "serial": 252,
  "lineage": "08b0e3e3-abd5-9242-90ec-88cadcef2ced",
  "outputs": {
    "cluster_name": {
      "value": "noteapp-cluster-prod",
      "type": "string"
    }
  },
  "resources": [
    {
      "mode": "managed",
      "type": "google_compute_instance",
      "name": "jenkins",
      "provider": "provider[\"registry.terraform.io/hashicorp/google\"]",
      "instances": [
        {
          "schema_version": 6,
          "attributes": {
            "allow_stopping_for_update": null,
            "attached_disk": [],
            "boot_disk": [
              {
                "auto_delete": true,
                "device_name": "persistent-disk-0",
                "disk_encryption_key_raw": "",
                "disk_encryption_key_sha256": "",
                "initialize_params": [
                  {
                    "image": "https://www.googleapis.com/compute/v1/projects/ubuntu-os-cloud/global/images/ubuntu-1804-bionic-v20210415",
                    "labels": {},
                    "size": 10,
                    "type": "pd-standard"
                  }
                ],
                "kms_key_self_link": "",
                "mode": "READ_WRITE",
                "source": "https://www.googleapis.com/compute/v1/projects/sca-tasks/zones/us-west1-b/disks/jenkins"
              }
            ],
            "can_ip_forward": false,
            "cpu_platform": "Intel Broadwell",
            "current_status": "RUNNING",
            "deletion_protection": false,
            "description": "",
            "desired_status": null,
            "enable_display": false,
            "guest_accelerator": [],
            "hostname": "",
            "id": "projects/sca-tasks/zones/us-west1-b/instances/jenkins",
            "instance_id": "3834158540026704039",
            "label_fingerprint": "42WmSpB8rSM=",
            "labels": null,
            "machine_type": "n1-standard-2",
            "metadata": null,
            "metadata_fingerprint": "6uvxuivis8k=",
            "metadata_startup_script": "",
            "min_cpu_platform": "",
            "name": "jenkins",
            "network_interface": [
              {
                "access_config": [
                  {
                    "nat_ip": "34.82.11.70",
                    "network_tier": "PREMIUM",
                    "public_ptr_domain_name": ""
                  }
                ],
                "alias_ip_range": [],
                "name": "nic0",
                "network": "https://www.googleapis.com/compute/v1/projects/sca-tasks/global/networks/default",
                "network_ip": "10.138.0.4",
                "subnetwork": "https://www.googleapis.com/compute/v1/projects/sca-tasks/regions/us-west1/subnetworks/default",
                "subnetwork_project": "sca-tasks"
              }
            ],
            "project": "sca-tasks",
            "resource_policies": null,
            "scheduling": [
              {
                "automatic_restart": true,
                "node_affinities": [],
                "on_host_maintenance": "MIGRATE",
                "preemptible": false
              }
            ],
            "scratch_disk": [],
            "self_link": "https://www.googleapis.com/compute/v1/projects/sca-tasks/zones/us-west1-b/instances/jenkins",
            "service_account": [],
            "shielded_instance_config": [
              {
                "enable_integrity_monitoring": true,
                "enable_secure_boot": false,
                "enable_vtpm": true
              }
            ],
            "tags": [
              "http",
              "http-server"
            ],
            "tags_fingerprint": "LyjQ_pAb50g=",
            "timeouts": null,
            "zone": "us-west1-b"
          },
          "sensitive_attributes": [],
          "private": "eyJlMmJmYjczMC1lY2FhLTExZTYtOGY4OC0zNDM2M2JjN2M0YzAiOnsiY3JlYXRlIjoxMjAwMDAwMDAwMDAwLCJkZWxldGUiOjEyMDAwMDAwMDAwMDAsInVwZGF0ZSI6MTIwMDAwMDAwMDAwMH0sInNjaGVtYV92ZXJzaW9uIjoiNiJ9"
        }
      ]
    },
    {
      "mode": "managed",
      "type": "local_file",
      "name": "kubeconfig",
      "provider": "provider[\"registry.terraform.io/hashicorp/local\"]",
      "instances": [
        {
          "schema_version": 0,
          "attributes": {
            "content": "apiVersion: v1\r\nclusters:\r\n- cluster:\r\n    certificate-authority-data: LS0tLS1CRUdJTiBDRVJUSUZJQ0FURS0tLS0tCk1JSURLekNDQWhPZ0F3SUJBZ0lSQU9mWjVuNXRMTzd4dGtkU2FhVVo1ak13RFFZSktvWklodmNOQVFFTEJRQXcKTHpFdE1Dc0dBMVVFQXhNa04yRTRNR00zT1dZdE4yWmxPQzAwWkRneExUaGlNMlF0TWpnMk5ESmhOMkptWkRsaApNQjRYRFRJeE1EUXlNVEEyTURReE1sb1hEVEkyTURReU1EQTNNRFF4TWxvd0x6RXRNQ3NHQTFVRUF4TWtOMkU0Ck1HTTNPV1l0TjJabE9DMDBaRGd4TFRoaU0yUXRNamcyTkRKaE4ySm1aRGxoTUlJQklqQU5CZ2txaGtpRzl3MEIKQVFFRkFBT0NBUThBTUlJQkNnS0NBUUVBeUxNWFlkV3VlWC9oU1lVMEdUMmNWbXZLMmJDZ3Nxem9JMmpsRHRGZApxUzU2Rnk1SjEySU93V3pZMHJ6d211RjhvYTZmS0RINkFNMnFkcWdraHZOdDVYQ3JLUm5MT3MvMm5BazhVM2lpCldTbHRKUlk1bVhwQ2FwK0d4Snp1dWg1ZjZPRGtOKzAyZGwvVFlNRkY3Z3BzVHVFZ2QyMEcvanhNSFpPT3NkblgKWDdXNVh4YWdpRjdXQVpEaFNGdUkvZElsSzR5NmdlUEdjemtzd2c5K0JMOUgyMkdsRDVYUThGYUhSYXNTcVFFMwpJUlVma2IrckxNRE9VWEJMYVphM2xNSzhFQWdWVnkrMjJ0OHlzeGxlNGo2a1NaSGdSMUU4WXVoRDhPRk5vNGFTCjZ2dGU5cjI2dVJDRHhWT05RbGdjTFJsS3Q4amoxbGVNUE1PYWFRUTZzSXhwMHdJREFRQUJvMEl3UURBT0JnTlYKSFE4QkFmOEVCQU1DQWdRd0R3WURWUjBUQVFIL0JBVXdBd0VCL3pBZEJnTlZIUTRFRmdRVTI1TUVaMmNmM0g3VApSa29EMGJtdUZRYVA0a013RFFZSktvWklodmNOQVFFTEJRQURnZ0VCQURrbWIwVTA5cFViQTZmRzBlQitTT056CjZoZDhBejFlbVF1RXNxM3Z4TGRyTll5cDRvRTlSWExtZ0ptazdkSGtTVlZOOE1UUmQ2WWZSUmxSdmVTa0tGVDMKbFpRQmhEZXU3N0U2dTVSTGF0QlN3cmRWQTlIUEo5bVpzQlVGaHN2elJObmVXZC9OdFRvMWhySndkaG9zclBHeQozaXQ0Mis0MjVRVlhRN0tHbWpVNjgwVVBGbzc1WWpzMkZIdU5HbXgwaXI5NVFUcUc4c2tyU09hNzBxNTlsSlZqCkRyMDM5T2pZaGpKUWFwMzNqSlNFT05WUzh5T3hyY1gzWGRlbVVPOU4wdm5STjdqTlcxSXdEZXRPWm5kYWFkeVMKQ3MzZ0xHUHE0WGYrQ2FKZXdUNFFWeWp2aGVTbC92UGcrejgzNHlMZitrV3FhV2FXMnI3TkRKK2huRmt4YUJrPQotLS0tLUVORCBDRVJUSUZJQ0FURS0tLS0tCg==\r\n    server: https://35.185.220.23\r\n  name: noteapp-cluster-prod\r\ncontexts:\r\n- context:\r\n    cluster: noteapp-cluster-prod\r\n    user: noteapp-cluster-prod\r\n  name: noteapp-cluster-prod\r\ncurrent-context: noteapp-cluster-prod\r\nkind: Config\r\npreferences: {}\r\nusers:\r\n- name: noteapp-cluster-prod\r\n  user:\r\n    token: ya29.a0AfH6SMAkGXMHqUUC1xoJgz6oz1PkmjvQGKMSsdPW0xPxoGNKXn8uMP_Urren4S7AU3l_qhC7xQjM2Y16Mo8dMkHwTJ6yeZpKSYdjP3zMn1WIzCK1yPPcIpArfnIMYexi5LpiMmw_ED8QmRXpJCaa-nVoEqcKdA\r\n",
            "content_base64": null,
            "directory_permission": "0777",
            "file_permission": "0777",
            "filename": "kubeconfig-prod",
            "id": "58459750b808412f039c9ba409ebdfbd3d1c6084",
            "sensitive_content": null,
            "source": null
          },
          "sensitive_attributes": [
            [
              {
                "type": "get_attr",
                "value": "content"
              }
            ]
          ],
          "private": "bnVsbA==",
          "dependencies": [
            "module.gcp-network.module.subnets.google_compute_subnetwork.subnetwork",
            "module.gcp-network.module.vpc.google_compute_network.network",
            "module.gke.data.google_client_config.default",
            "module.gke.data.google_compute_subnetwork.gke_subnetwork",
            "module.gke.data.google_compute_zones.available",
            "module.gke.data.google_container_engine_versions.region",
            "module.gke.data.google_container_engine_versions.zone",
            "module.gke.google_compute_firewall.intra_egress",
            "module.gke.google_compute_firewall.master_webhooks",
            "module.gke.google_compute_firewall.shadow_allow_master",
            "module.gke.google_compute_firewall.shadow_allow_nodes",
            "module.gke.google_compute_firewall.shadow_allow_pods",
            "module.gke.google_container_cluster.primary",
            "module.gke.google_container_node_pool.pools",
            "module.gke.google_project_iam_member.cluster_service_account-artifact-registry",
            "module.gke.google_project_iam_member.cluster_service_account-gcr",
            "module.gke.google_project_iam_member.cluster_service_account-log_writer",
            "module.gke.google_project_iam_member.cluster_service_account-metric_writer",
            "module.gke.google_project_iam_member.cluster_service_account-monitoring_viewer",
            "module.gke.google_project_iam_member.cluster_service_account-resourceMetadata-writer",
            "module.gke.google_service_account.cluster_service_account",
            "module.gke.kubernetes_config_map.ip-masq-agent",
            "module.gke.kubernetes_config_map.kube-dns",
            "module.gke.kubernetes_config_map.kube-dns-upstream-nameservers-and-stub-domains",
            "module.gke.kubernetes_config_map.kube-dns-upstream-namservers",
            "module.gke.module.gcloud_delete_default_kube_dns_configmap.module.gcloud_kubectl.data.external.env_override",
            "module.gke.module.gcloud_delete_default_kube_dns_configmap.module.gcloud_kubectl.null_resource.additional_components",
            "module.gke.module.gcloud_delete_default_kube_dns_configmap.module.gcloud_kubectl.null_resource.additional_components_destroy",
            "module.gke.module.gcloud_delete_default_kube_dns_configmap.module.gcloud_kubectl.null_resource.decompress",
            "module.gke.module.gcloud_delete_default_kube_dns_configmap.module.gcloud_kubectl.null_resource.decompress_destroy",
            "module.gke.module.gcloud_delete_default_kube_dns_configmap.module.gcloud_kubectl.null_resource.download_gcloud",
            "module.gke.module.gcloud_delete_default_kube_dns_configmap.module.gcloud_kubectl.null_resource.download_jq",
            "module.gke.module.gcloud_delete_default_kube_dns_configmap.module.gcloud_kubectl.null_resource.gcloud_auth_google_credentials",
            "module.gke.module.gcloud_delete_default_kube_dns_configmap.module.gcloud_kubectl.null_resource.gcloud_auth_google_credentials_destroy",
            "module.gke.module.gcloud_delete_default_kube_dns_configmap.module.gcloud_kubectl.null_resource.gcloud_auth_service_account_key_file",
            "module.gke.module.gcloud_delete_default_kube_dns_configmap.module.gcloud_kubectl.null_resource.gcloud_auth_service_account_key_file_destroy",
            "module.gke.module.gcloud_delete_default_kube_dns_configmap.module.gcloud_kubectl.null_resource.module_depends_on",
            "module.gke.module.gcloud_delete_default_kube_dns_configmap.module.gcloud_kubectl.null_resource.prepare_cache",
            "module.gke.module.gcloud_delete_default_kube_dns_configmap.module.gcloud_kubectl.null_resource.run_command",
            "module.gke.module.gcloud_delete_default_kube_dns_configmap.module.gcloud_kubectl.null_resource.run_destroy_command",
            "module.gke.module.gcloud_delete_default_kube_dns_configmap.module.gcloud_kubectl.null_resource.upgrade",
            "module.gke.module.gcloud_delete_default_kube_dns_configmap.module.gcloud_kubectl.null_resource.upgrade_destroy",
            "module.gke.module.gcloud_delete_default_kube_dns_configmap.module.gcloud_kubectl.random_id.cache",
            "module.gke.random_shuffle.available_zones",
            "module.gke.random_string.cluster_service_account_suffix",
            "module.gke_auth.data.google_client_config.provider",
            "module.gke_auth.data.google_container_cluster.gke_cluster",
            "module.gke_auth.data.template_file.kubeconfig"
          ]
        }
      ]
    },
    {
      "module": "module.gcp-network.module.subnets",
      "mode": "managed",
      "type": "google_compute_subnetwork",
      "name": "subnetwork",
      "provider": "provider[\"registry.terraform.io/hashicorp/google\"]",
      "instances": [
        {
          "index_key": "us-west1/gke-subnet-prod",
          "schema_version": 0,
          "attributes": {
            "creation_timestamp": "2021-04-21T00:03:47.300-07:00",
            "description": "",
            "fingerprint": null,
            "gateway_address": "10.10.0.1",
            "id": "projects/sca-tasks/regions/us-west1/subnetworks/gke-subnet-prod",
            "ip_cidr_range": "10.10.0.0/16",
            "log_config": [],
            "name": "gke-subnet-prod",
            "network": "https://www.googleapis.com/compute/v1/projects/sca-tasks/global/networks/gke-network-prod",
            "private_ip_google_access": false,
            "project": "sca-tasks",
            "region": "us-west1",
            "secondary_ip_range": [
              {
                "ip_cidr_range": "10.20.0.0/16",
                "range_name": "ip-range-pods"
              },
              {
                "ip_cidr_range": "10.30.0.0/16",
                "range_name": "ip-range-services"
              }
            ],
            "self_link": "https://www.googleapis.com/compute/v1/projects/sca-tasks/regions/us-west1/subnetworks/gke-subnet-prod",
            "timeouts": null
          },
          "sensitive_attributes": [],
          "private": "eyJlMmJmYjczMC1lY2FhLTExZTYtOGY4OC0zNDM2M2JjN2M0YzAiOnsiY3JlYXRlIjozNjAwMDAwMDAwMDAsImRlbGV0ZSI6MzYwMDAwMDAwMDAwLCJ1cGRhdGUiOjM2MDAwMDAwMDAwMH19",
          "dependencies": [
            "module.gcp-network.module.vpc.google_compute_network.network"
          ]
        }
      ]
    },
    {
      "module": "module.gcp-network.module.vpc",
      "mode": "managed",
      "type": "google_compute_network",
      "name": "network",
      "provider": "provider[\"registry.terraform.io/hashicorp/google\"]",
      "instances": [
        {
          "schema_version": 0,
          "attributes": {
            "auto_create_subnetworks": false,
            "delete_default_routes_on_create": false,
            "description": "",
            "gateway_ipv4": "",
            "id": "projects/sca-tasks/global/networks/gke-network-prod",
            "name": "gke-network-prod",
            "project": "sca-tasks",
            "routing_mode": "GLOBAL",
            "self_link": "https://www.googleapis.com/compute/v1/projects/sca-tasks/global/networks/gke-network-prod",
            "timeouts": null
          },
          "sensitive_attributes": [],
          "private": "eyJlMmJmYjczMC1lY2FhLTExZTYtOGY4OC0zNDM2M2JjN2M0YzAiOnsiY3JlYXRlIjoyNDAwMDAwMDAwMDAsImRlbGV0ZSI6MjQwMDAwMDAwMDAwLCJ1cGRhdGUiOjI0MDAwMDAwMDAwMH19"
        }
      ]
    },
    {
      "module": "module.gke",
      "mode": "data",
      "type": "google_client_config",
      "name": "default",
      "provider": "provider[\"registry.terraform.io/hashicorp/google\"]",
      "instances": [
        {
          "schema_version": 0,
          "attributes": {
            "access_token": "ya29.a0AfH6SMCZrfCzQO7Qq64yPbEw3zOBMhKuC317RTJTvshGxMTsznYy5jwti7ErsIQ5Ve07B15Bp2n6GWkhSYY9M7WwWSuOC0Zq_ixjv-1bevRq474-yELARtWM0lEEKaruiAAdG-vsSA_Hv8L3mHCqaoUsQnmuag",
            "id": "projects/sca-tasks/regions//zones/",
            "project": "sca-tasks",
            "region": "",
            "zone": ""
          },
          "sensitive_attributes": []
        }
      ]
    },
    {
      "module": "module.gke",
      "mode": "data",
      "type": "google_compute_zones",
      "name": "available",
      "provider": "provider[\"registry.terraform.io/hashicorp/google\"]",
      "instances": [
        {
          "schema_version": 0,
          "attributes": {
            "id": "projects/sca-tasks/regions/us-west1",
            "names": [
              "us-west1-a",
              "us-west1-b",
              "us-west1-c"
            ],
            "project": "sca-tasks",
            "region": "us-west1",
            "status": null
          },
          "sensitive_attributes": []
        }
      ]
    },
    {
      "module": "module.gke",
      "mode": "data",
      "type": "google_container_engine_versions",
      "name": "region",
      "provider": "provider[\"registry.terraform.io/hashicorp/google\"]",
      "instances": [
        {
          "schema_version": 0,
          "attributes": {
            "default_cluster_version": "1.17.17-gke.3000",
            "id": "2021-04-21 07:02:59.1740356 +0000 UTC",
            "latest_master_version": "1.19.8-gke.1600",
            "latest_node_version": "1.19.8-gke.1600",
            "location": "us-west1",
            "project": "sca-tasks",
            "release_channel_default_version": {
              "RAPID": "1.19.9-gke.100",
              "REGULAR": "1.18.16-gke.502",
              "STABLE": "1.17.17-gke.3000"
            },
            "valid_master_versions": [
              "1.19.8-gke.1600",
              "1.18.17-gke.700",
              "1.18.17-gke.100",
              "1.18.16-gke.2100",
              "1.18.16-gke.1201",
              "1.18.16-gke.502",
              "1.18.16-gke.302",
              "1.18.16-gke.300",
              "1.18.15-gke.1502",
              "1.18.15-gke.1501",
              "1.17.17-gke.5400",
              "1.17.17-gke.4900",
              "1.17.17-gke.4400",
              "1.17.17-gke.3700",
              "1.17.17-gke.3000",
              "1.17.17-gke.2800",
              "1.17.17-gke.1500",
              "1.17.17-gke.1101",
              "1.16.15-gke.14800",
              "1.16.15-gke.12500"
            ],
            "valid_node_versions": [
              "1.19.8-gke.1600",
              "1.18.17-gke.700",
              "1.18.17-gke.100",
              "1.18.16-gke.2100",
              "1.18.16-gke.1201",
              "1.18.16-gke.1200",
              "1.18.16-gke.502",
              "1.18.16-gke.500",
              "1.18.16-gke.302",
              "1.18.16-gke.300",
              "1.18.15-gke.2500",
              "1.18.15-gke.1502",
              "1.18.15-gke.1501",
              "1.18.15-gke.1500",
              "1.18.15-gke.1102",
              "1.18.15-gke.1100",
              "1.18.15-gke.800",
              "1.18.14-gke.1600",
              "1.18.14-gke.1200",
              "1.18.12-gke.1210",
              "1.18.12-gke.1206",
              "1.18.12-gke.1205",
              "1.18.12-gke.1201",
              "1.18.12-gke.1200",
              "1.18.12-gke.300",
              "1.18.10-gke.2701",
              "1.18.10-gke.2101",
              "1.18.10-gke.1500",
              "1.18.10-gke.601",
              "1.18.9-gke.2501",
              "1.18.9-gke.1501",
              "1.18.9-gke.801",
              "1.18.6-gke.4801",
              "1.18.6-gke.3504",
              "1.18.6-gke.3503",
              "1.17.17-gke.5400",
              "1.17.17-gke.4900",
              "1.17.17-gke.4400",
              "1.17.17-gke.3700",
              "1.17.17-gke.3000",
              "1.17.17-gke.2800",
              "1.17.17-gke.2500",
              "1.17.17-gke.1500",
              "1.17.17-gke.1101",
              "1.17.17-gke.1100",
              "1.17.17-gke.600",
              "1.17.16-gke.1600",
              "1.17.16-gke.1300",
              "1.17.15-gke.800",
              "1.17.15-gke.300",
              "1.17.14-gke.1600",
              "1.17.14-gke.1200",
              "1.17.14-gke.400",
              "1.17.13-gke.2600",
              "1.17.13-gke.2001",
              "1.17.13-gke.1401",
              "1.17.13-gke.1400",
              "1.17.13-gke.600",
              "1.17.12-gke.2502",
              "1.17.12-gke.1504",
              "1.17.12-gke.1501",
              "1.17.12-gke.500",
              "1.17.9-gke.6300",
              "1.17.9-gke.1504",
              "1.16.15-gke.14800",
              "1.16.15-gke.12500",
              "1.16.15-gke.11800",
              "1.16.15-gke.10600",
              "1.16.15-gke.7801",
              "1.16.15-gke.7800",
              "1.16.15-gke.7300",
              "1.16.15-gke.6900",
              "1.16.15-gke.6000",
              "1.16.15-gke.5500",
              "1.16.15-gke.4901",
              "1.16.15-gke.4301",
              "1.16.15-gke.4300",
              "1.16.15-gke.3500",
              "1.16.15-gke.2601",
              "1.16.15-gke.1600",
              "1.16.15-gke.500",
              "1.16.13-gke.404",
              "1.16.13-gke.403",
              "1.16.13-gke.401",
              "1.16.13-gke.400",
              "1.16.13-gke.1",
              "1.16.11-gke.5",
              "1.16.10-gke.8",
              "1.16.9-gke.6",
              "1.16.9-gke.2",
              "1.16.8-gke.15",
              "1.16.8-gke.12",
              "1.16.8-gke.9",
              "1.15.12-gke.6002",
              "1.15.12-gke.6001",
              "1.15.12-gke.5000",
              "1.15.12-gke.4002",
              "1.15.12-gke.4000",
              "1.15.12-gke.20",
              "1.15.12-gke.17",
              "1.15.12-gke.16",
              "1.15.12-gke.13",
              "1.15.12-gke.9",
              "1.15.12-gke.6",
              "1.15.12-gke.3",
              "1.15.12-gke.2",
              "1.15.11-gke.17",
              "1.15.11-gke.15",
              "1.15.11-gke.13",
              "1.15.11-gke.12",
              "1.15.11-gke.11",
              "1.15.11-gke.9",
              "1.15.11-gke.5",
              "1.15.11-gke.3",
              "1.15.11-gke.1",
              "1.15.9-gke.26",
              "1.15.9-gke.24",
              "1.15.9-gke.22",
              "1.15.9-gke.12",
              "1.15.9-gke.9",
              "1.15.9-gke.8",
              "1.15.8-gke.3",
              "1.15.8-gke.2",
              "1.15.7-gke.23",
              "1.15.7-gke.2",
              "1.15.4-gke.22",
              "1.14.10-gke.1504",
              "1.14.10-gke.902",
              "1.14.10-gke.50",
              "1.14.10-gke.46",
              "1.14.10-gke.45",
              "1.14.10-gke.42",
              "1.14.10-gke.41",
              "1.14.10-gke.40",
              "1.14.10-gke.37",
              "1.14.10-gke.36",
              "1.14.10-gke.34",
              "1.14.10-gke.32",
              "1.14.10-gke.31",
              "1.14.10-gke.27",
              "1.14.10-gke.24",
              "1.14.10-gke.22",
              "1.14.10-gke.21",
              "1.14.10-gke.17",
              "1.14.10-gke.0",
              "1.14.9-gke.23",
              "1.14.9-gke.2",
              "1.14.9-gke.0",
              "1.14.8-gke.33",
              "1.14.8-gke.21",
              "1.14.8-gke.18",
              "1.14.8-gke.17",
              "1.14.8-gke.14",
              "1.14.8-gke.12",
              "1.14.8-gke.7",
              "1.14.8-gke.2",
              "1.14.7-gke.40",
              "1.14.7-gke.25",
              "1.14.7-gke.23",
              "1.14.7-gke.17",
              "1.14.7-gke.14",
              "1.14.7-gke.10",
              "1.14.6-gke.13",
              "1.14.6-gke.2",
              "1.14.6-gke.1",
              "1.14.3-gke.11",
              "1.14.3-gke.10",
              "1.14.3-gke.9",
              "1.14.2-gke.9",
              "1.14.1-gke.5",
              "1.13.12-gke.30",
              "1.13.12-gke.25",
              "1.13.12-gke.17",
              "1.13.12-gke.16",
              "1.13.12-gke.14",
              "1.13.12-gke.13",
              "1.13.12-gke.10",
              "1.13.12-gke.8",
              "1.13.12-gke.4",
              "1.13.12-gke.2",
              "1.13.11-gke.23",
              "1.13.11-gke.15",
              "1.13.11-gke.14",
              "1.13.11-gke.12",
              "1.13.11-gke.11",
              "1.13.11-gke.9",
              "1.13.11-gke.5",
              "1.13.10-gke.7",
              "1.13.10-gke.0",
              "1.13.9-gke.11",
              "1.13.9-gke.3",
              "1.13.7-gke.24",
              "1.13.7-gke.19",
              "1.13.7-gke.15",
              "1.13.7-gke.8",
              "1.13.7-gke.0",
              "1.13.6-gke.13",
              "1.13.6-gke.6",
              "1.13.6-gke.5",
              "1.13.6-gke.0",
              "1.13.5-gke.10",
              "1.12.10-gke.22",
              "1.12.10-gke.20",
              "1.12.10-gke.19",
              "1.12.10-gke.18",
              "1.12.10-gke.17",
              "1.12.10-gke.15",
              "1.12.10-gke.13",
              "1.12.10-gke.11",
              "1.12.10-gke.5",
              "1.12.9-gke.16",
              "1.12.9-gke.15",
              "1.12.9-gke.13",
              "1.12.9-gke.10",
              "1.12.9-gke.7",
              "1.12.9-gke.3",
              "1.12.8-gke.12",
              "1.12.8-gke.10",
              "1.12.8-gke.7",
              "1.12.8-gke.6",
              "1.12.7-gke.26",
              "1.12.7-gke.25",
              "1.12.7-gke.24",
              "1.12.7-gke.22",
              "1.12.7-gke.21",
              "1.12.7-gke.17",
              "1.12.7-gke.10",
              "1.12.7-gke.7",
              "1.12.6-gke.11",
              "1.12.6-gke.10",
              "1.12.6-gke.7",
              "1.12.5-gke.10",
              "1.12.5-gke.5",
              "1.11.10-gke.6",
              "1.11.10-gke.5"
            ],
            "version_prefix": null
          },
          "sensitive_attributes": []
        }
      ]
    },
    {
      "module": "module.gke",
      "mode": "data",
      "type": "google_container_engine_versions",
      "name": "zone",
      "provider": "provider[\"registry.terraform.io/hashicorp/google\"]",
      "instances": [
        {
          "schema_version": 0,
          "attributes": {
            "default_cluster_version": "1.17.17-gke.3000",
            "id": "2021-04-21 07:02:59.9396398 +0000 UTC",
            "latest_master_version": "1.19.8-gke.1600",
            "latest_node_version": "1.19.8-gke.1600",
            "location": "us-west1-a",
            "project": "sca-tasks",
            "release_channel_default_version": {
              "RAPID": "1.19.9-gke.100",
              "REGULAR": "1.18.16-gke.502",
              "STABLE": "1.17.17-gke.3000"
            },
            "valid_master_versions": [
              "1.19.8-gke.1600",
              "1.18.17-gke.700",
              "1.18.17-gke.100",
              "1.18.16-gke.2100",
              "1.18.16-gke.1201",
              "1.18.16-gke.502",
              "1.18.16-gke.302",
              "1.18.16-gke.300",
              "1.18.15-gke.1502",
              "1.18.15-gke.1501",
              "1.17.17-gke.5400",
              "1.17.17-gke.4900",
              "1.17.17-gke.4400",
              "1.17.17-gke.3700",
              "1.17.17-gke.3000",
              "1.17.17-gke.2800",
              "1.17.17-gke.1500",
              "1.17.17-gke.1101",
              "1.16.15-gke.14800",
              "1.16.15-gke.12500"
            ],
            "valid_node_versions": [
              "1.19.8-gke.1600",
              "1.18.17-gke.700",
              "1.18.17-gke.100",
              "1.18.16-gke.2100",
              "1.18.16-gke.1201",
              "1.18.16-gke.1200",
              "1.18.16-gke.502",
              "1.18.16-gke.500",
              "1.18.16-gke.302",
              "1.18.16-gke.300",
              "1.18.15-gke.2500",
              "1.18.15-gke.1502",
              "1.18.15-gke.1501",
              "1.18.15-gke.1500",
              "1.18.15-gke.1102",
              "1.18.15-gke.1100",
              "1.18.15-gke.800",
              "1.18.14-gke.1600",
              "1.18.14-gke.1200",
              "1.18.12-gke.1210",
              "1.18.12-gke.1206",
              "1.18.12-gke.1205",
              "1.18.12-gke.1201",
              "1.18.12-gke.1200",
              "1.18.12-gke.300",
              "1.18.10-gke.2701",
              "1.18.10-gke.2101",
              "1.18.10-gke.1500",
              "1.18.10-gke.601",
              "1.18.9-gke.2501",
              "1.18.9-gke.1501",
              "1.18.9-gke.801",
              "1.18.6-gke.4801",
              "1.18.6-gke.3504",
              "1.18.6-gke.3503",
              "1.17.17-gke.5400",
              "1.17.17-gke.4900",
              "1.17.17-gke.4400",
              "1.17.17-gke.3700",
              "1.17.17-gke.3000",
              "1.17.17-gke.2800",
              "1.17.17-gke.2500",
              "1.17.17-gke.1500",
              "1.17.17-gke.1101",
              "1.17.17-gke.1100",
              "1.17.17-gke.600",
              "1.17.16-gke.1600",
              "1.17.16-gke.1300",
              "1.17.15-gke.800",
              "1.17.15-gke.300",
              "1.17.14-gke.1600",
              "1.17.14-gke.1200",
              "1.17.14-gke.400",
              "1.17.13-gke.2600",
              "1.17.13-gke.2001",
              "1.17.13-gke.1401",
              "1.17.13-gke.1400",
              "1.17.13-gke.600",
              "1.17.12-gke.2502",
              "1.17.12-gke.1504",
              "1.17.12-gke.1501",
              "1.17.12-gke.500",
              "1.17.9-gke.6300",
              "1.17.9-gke.1504",
              "1.16.15-gke.14800",
              "1.16.15-gke.12500",
              "1.16.15-gke.11800",
              "1.16.15-gke.10600",
              "1.16.15-gke.7801",
              "1.16.15-gke.7800",
              "1.16.15-gke.7300",
              "1.16.15-gke.6900",
              "1.16.15-gke.6000",
              "1.16.15-gke.5500",
              "1.16.15-gke.4901",
              "1.16.15-gke.4301",
              "1.16.15-gke.4300",
              "1.16.15-gke.3500",
              "1.16.15-gke.2601",
              "1.16.15-gke.1600",
              "1.16.15-gke.500",
              "1.16.13-gke.404",
              "1.16.13-gke.403",
              "1.16.13-gke.401",
              "1.16.13-gke.400",
              "1.16.13-gke.1",
              "1.16.11-gke.5",
              "1.16.10-gke.8",
              "1.16.9-gke.6",
              "1.16.9-gke.2",
              "1.16.8-gke.15",
              "1.16.8-gke.12",
              "1.16.8-gke.9",
              "1.15.12-gke.6002",
              "1.15.12-gke.6001",
              "1.15.12-gke.5000",
              "1.15.12-gke.4002",
              "1.15.12-gke.4000",
              "1.15.12-gke.20",
              "1.15.12-gke.17",
              "1.15.12-gke.16",
              "1.15.12-gke.13",
              "1.15.12-gke.9",
              "1.15.12-gke.6",
              "1.15.12-gke.3",
              "1.15.12-gke.2",
              "1.15.11-gke.17",
              "1.15.11-gke.15",
              "1.15.11-gke.13",
              "1.15.11-gke.12",
              "1.15.11-gke.11",
              "1.15.11-gke.9",
              "1.15.11-gke.5",
              "1.15.11-gke.3",
              "1.15.11-gke.1",
              "1.15.9-gke.26",
              "1.15.9-gke.24",
              "1.15.9-gke.22",
              "1.15.9-gke.12",
              "1.15.9-gke.9",
              "1.15.9-gke.8",
              "1.15.8-gke.3",
              "1.15.8-gke.2",
              "1.15.7-gke.23",
              "1.15.7-gke.2",
              "1.15.4-gke.22",
              "1.14.10-gke.1504",
              "1.14.10-gke.902",
              "1.14.10-gke.50",
              "1.14.10-gke.46",
              "1.14.10-gke.45",
              "1.14.10-gke.42",
              "1.14.10-gke.41",
              "1.14.10-gke.40",
              "1.14.10-gke.37",
              "1.14.10-gke.36",
              "1.14.10-gke.34",
              "1.14.10-gke.32",
              "1.14.10-gke.31",
              "1.14.10-gke.27",
              "1.14.10-gke.24",
              "1.14.10-gke.22",
              "1.14.10-gke.21",
              "1.14.10-gke.17",
              "1.14.10-gke.0",
              "1.14.9-gke.23",
              "1.14.9-gke.2",
              "1.14.9-gke.0",
              "1.14.8-gke.33",
              "1.14.8-gke.21",
              "1.14.8-gke.18",
              "1.14.8-gke.17",
              "1.14.8-gke.14",
              "1.14.8-gke.12",
              "1.14.8-gke.7",
              "1.14.8-gke.2",
              "1.14.7-gke.40",
              "1.14.7-gke.25",
              "1.14.7-gke.23",
              "1.14.7-gke.17",
              "1.14.7-gke.14",
              "1.14.7-gke.10",
              "1.14.6-gke.13",
              "1.14.6-gke.2",
              "1.14.6-gke.1",
              "1.14.3-gke.11",
              "1.14.3-gke.10",
              "1.14.3-gke.9",
              "1.14.2-gke.9",
              "1.14.1-gke.5",
              "1.13.12-gke.30",
              "1.13.12-gke.25",
              "1.13.12-gke.17",
              "1.13.12-gke.16",
              "1.13.12-gke.14",
              "1.13.12-gke.13",
              "1.13.12-gke.10",
              "1.13.12-gke.8",
              "1.13.12-gke.4",
              "1.13.12-gke.2",
              "1.13.11-gke.23",
              "1.13.11-gke.15",
              "1.13.11-gke.14",
              "1.13.11-gke.12",
              "1.13.11-gke.11",
              "1.13.11-gke.9",
              "1.13.11-gke.5",
              "1.13.10-gke.7",
              "1.13.10-gke.0",
              "1.13.9-gke.11",
              "1.13.9-gke.3",
              "1.13.7-gke.24",
              "1.13.7-gke.19",
              "1.13.7-gke.15",
              "1.13.7-gke.8",
              "1.13.7-gke.0",
              "1.13.6-gke.13",
              "1.13.6-gke.6",
              "1.13.6-gke.5",
              "1.13.6-gke.0",
              "1.13.5-gke.10",
              "1.12.10-gke.22",
              "1.12.10-gke.20",
              "1.12.10-gke.19",
              "1.12.10-gke.18",
              "1.12.10-gke.17",
              "1.12.10-gke.15",
              "1.12.10-gke.13",
              "1.12.10-gke.11",
              "1.12.10-gke.5",
              "1.12.9-gke.16",
              "1.12.9-gke.15",
              "1.12.9-gke.13",
              "1.12.9-gke.10",
              "1.12.9-gke.7",
              "1.12.9-gke.3",
              "1.12.8-gke.12",
              "1.12.8-gke.10",
              "1.12.8-gke.7",
              "1.12.8-gke.6",
              "1.12.7-gke.26",
              "1.12.7-gke.25",
              "1.12.7-gke.24",
              "1.12.7-gke.22",
              "1.12.7-gke.21",
              "1.12.7-gke.17",
              "1.12.7-gke.10",
              "1.12.7-gke.7",
              "1.12.6-gke.11",
              "1.12.6-gke.10",
              "1.12.6-gke.7",
              "1.12.5-gke.10",
              "1.12.5-gke.5",
              "1.11.10-gke.6",
              "1.11.10-gke.5"
            ],
            "version_prefix": null
          },
          "sensitive_attributes": []
        }
      ]
    },
    {
      "module": "module.gke",
      "mode": "managed",
      "type": "google_container_cluster",
      "name": "primary",
      "provider": "provider[\"registry.terraform.io/hashicorp/google\"]",
      "instances": [
        {
          "schema_version": 1,
          "attributes": {
            "addons_config": [
              {
                "cloudrun_config": [],
                "horizontal_pod_autoscaling": [
                  {
                    "disabled": false
                  }
                ],
                "http_load_balancing": [
                  {
                    "disabled": false
                  }
                ],
                "network_policy_config": [
                  {
                    "disabled": true
                  }
                ]
              }
            ],
            "authenticator_groups_config": [],
            "cluster_autoscaling": [
              {
                "auto_provisioning_defaults": [],
                "enabled": false,
                "resource_limits": []
              }
            ],
            "cluster_ipv4_cidr": "10.20.0.0/16",
            "database_encryption": [
              {
                "key_name": "",
                "state": "DECRYPTED"
              }
            ],
            "default_max_pods_per_node": 110,
            "description": "",
            "enable_binary_authorization": false,
            "enable_intranode_visibility": null,
            "enable_kubernetes_alpha": false,
            "enable_legacy_abac": false,
            "enable_shielded_nodes": true,
            "enable_tpu": null,
            "endpoint": "35.185.220.23",
            "id": "projects/sca-tasks/locations/us-west1/clusters/noteapp-cluster-prod",
            "initial_node_count": 0,
            "instance_group_urls": [
              "https://www.googleapis.com/compute/v1/projects/sca-tasks/zones/us-west1-a/instanceGroups/gke-noteapp-cluster-prod-default-pool-ae1d220f-grp",
              "https://www.googleapis.com/compute/v1/projects/sca-tasks/zones/us-west1-b/instanceGroups/gke-noteapp-cluster-prod-default-pool-b9ce49b1-grp",
              "https://www.googleapis.com/compute/v1/projects/sca-tasks/zones/us-west1-c/instanceGroups/gke-noteapp-cluster-prod-default-pool-be388082-grp"
            ],
            "ip_allocation_policy": [
              {
                "cluster_ipv4_cidr_block": "10.20.0.0/16",
                "cluster_secondary_range_name": "ip-range-pods",
                "services_ipv4_cidr_block": "10.30.0.0/16",
                "services_secondary_range_name": "ip-range-services"
              }
            ],
            "label_fingerprint": "a9dc16a7",
            "location": "us-west1",
            "logging_service": "logging.googleapis.com/kubernetes",
            "maintenance_policy": [
              {
                "daily_maintenance_window": [
                  {
                    "duration": "PT4H0M0S",
                    "start_time": "05:00"
                  }
                ],
                "recurring_window": []
              }
            ],
            "master_auth": [
              {
                "client_certificate": "",
                "client_certificate_config": [
                  {
                    "issue_client_certificate": false
                  }
                ],
                "client_key": "",
                "cluster_ca_certificate": "LS0tLS1CRUdJTiBDRVJUSUZJQ0FURS0tLS0tCk1JSURLekNDQWhPZ0F3SUJBZ0lSQU9mWjVuNXRMTzd4dGtkU2FhVVo1ak13RFFZSktvWklodmNOQVFFTEJRQXcKTHpFdE1Dc0dBMVVFQXhNa04yRTRNR00zT1dZdE4yWmxPQzAwWkRneExUaGlNMlF0TWpnMk5ESmhOMkptWkRsaApNQjRYRFRJeE1EUXlNVEEyTURReE1sb1hEVEkyTURReU1EQTNNRFF4TWxvd0x6RXRNQ3NHQTFVRUF4TWtOMkU0Ck1HTTNPV1l0TjJabE9DMDBaRGd4TFRoaU0yUXRNamcyTkRKaE4ySm1aRGxoTUlJQklqQU5CZ2txaGtpRzl3MEIKQVFFRkFBT0NBUThBTUlJQkNnS0NBUUVBeUxNWFlkV3VlWC9oU1lVMEdUMmNWbXZLMmJDZ3Nxem9JMmpsRHRGZApxUzU2Rnk1SjEySU93V3pZMHJ6d211RjhvYTZmS0RINkFNMnFkcWdraHZOdDVYQ3JLUm5MT3MvMm5BazhVM2lpCldTbHRKUlk1bVhwQ2FwK0d4Snp1dWg1ZjZPRGtOKzAyZGwvVFlNRkY3Z3BzVHVFZ2QyMEcvanhNSFpPT3NkblgKWDdXNVh4YWdpRjdXQVpEaFNGdUkvZElsSzR5NmdlUEdjemtzd2c5K0JMOUgyMkdsRDVYUThGYUhSYXNTcVFFMwpJUlVma2IrckxNRE9VWEJMYVphM2xNSzhFQWdWVnkrMjJ0OHlzeGxlNGo2a1NaSGdSMUU4WXVoRDhPRk5vNGFTCjZ2dGU5cjI2dVJDRHhWT05RbGdjTFJsS3Q4amoxbGVNUE1PYWFRUTZzSXhwMHdJREFRQUJvMEl3UURBT0JnTlYKSFE4QkFmOEVCQU1DQWdRd0R3WURWUjBUQVFIL0JBVXdBd0VCL3pBZEJnTlZIUTRFRmdRVTI1TUVaMmNmM0g3VApSa29EMGJtdUZRYVA0a013RFFZSktvWklodmNOQVFFTEJRQURnZ0VCQURrbWIwVTA5cFViQTZmRzBlQitTT056CjZoZDhBejFlbVF1RXNxM3Z4TGRyTll5cDRvRTlSWExtZ0ptazdkSGtTVlZOOE1UUmQ2WWZSUmxSdmVTa0tGVDMKbFpRQmhEZXU3N0U2dTVSTGF0QlN3cmRWQTlIUEo5bVpzQlVGaHN2elJObmVXZC9OdFRvMWhySndkaG9zclBHeQozaXQ0Mis0MjVRVlhRN0tHbWpVNjgwVVBGbzc1WWpzMkZIdU5HbXgwaXI5NVFUcUc4c2tyU09hNzBxNTlsSlZqCkRyMDM5T2pZaGpKUWFwMzNqSlNFT05WUzh5T3hyY1gzWGRlbVVPOU4wdm5STjdqTlcxSXdEZXRPWm5kYWFkeVMKQ3MzZ0xHUHE0WGYrQ2FKZXdUNFFWeWp2aGVTbC92UGcrejgzNHlMZitrV3FhV2FXMnI3TkRKK2huRmt4YUJrPQotLS0tLUVORCBDRVJUSUZJQ0FURS0tLS0tCg==",
                "password": "",
                "username": ""
              }
            ],
            "master_authorized_networks_config": [],
            "master_version": "1.19.8-gke.1600",
            "min_master_version": "1.19.8-gke.1600",
            "monitoring_service": "monitoring.googleapis.com/kubernetes",
            "name": "noteapp-cluster-prod",
            "network": "projects/sca-tasks/global/networks/gke-network-prod",
            "network_policy": [
              {
                "enabled": false,
                "provider": "PROVIDER_UNSPECIFIED"
              }
            ],
            "node_config": [
              {
                "disk_size_gb": 100,
                "disk_type": "pd-standard",
                "guest_accelerator": [],
                "image_type": "COS_CONTAINERD",
                "labels": {},
                "local_ssd_count": 0,
                "machine_type": "e2-medium",
                "metadata": {
                  "disable-legacy-endpoints": "true"
                },
                "min_cpu_platform": "",
                "oauth_scopes": [
                  "https://www.googleapis.com/auth/logging.write",
                  "https://www.googleapis.com/auth/monitoring"
                ],
                "preemptible": false,
                "service_account": "tf-gke-noteapp-cluster-1sxt@sca-tasks.iam.gserviceaccount.com",
                "shielded_instance_config": [
                  {
                    "enable_integrity_monitoring": true,
                    "enable_secure_boot": false
                  }
                ],
                "tags": [],
                "taint": [],
                "workload_metadata_config": [
                  {
                    "node_metadata": "GKE_METADATA_SERVER"
                  }
                ]
              }
            ],
            "node_locations": [
              "us-west1-a",
              "us-west1-b",
              "us-west1-c"
            ],
            "node_pool": [
              {
                "autoscaling": [],
                "initial_node_count": 0,
                "instance_group_urls": [
                  "https://www.googleapis.com/compute/v1/projects/sca-tasks/zones/us-west1-a/instanceGroupManagers/gke-noteapp-cluster-prod-default-pool-ae1d220f-grp",
                  "https://www.googleapis.com/compute/v1/projects/sca-tasks/zones/us-west1-b/instanceGroupManagers/gke-noteapp-cluster-prod-default-pool-b9ce49b1-grp",
                  "https://www.googleapis.com/compute/v1/projects/sca-tasks/zones/us-west1-c/instanceGroupManagers/gke-noteapp-cluster-prod-default-pool-be388082-grp"
                ],
                "management": [
                  {
                    "auto_repair": true,
                    "auto_upgrade": true
                  }
                ],
                "max_pods_per_node": 110,
                "name": "default-pool",
                "name_prefix": "",
                "node_config": [
                  {
                    "disk_size_gb": 100,
                    "disk_type": "pd-standard",
                    "guest_accelerator": [],
                    "image_type": "COS_CONTAINERD",
                    "labels": {},
                    "local_ssd_count": 0,
                    "machine_type": "e2-medium",
                    "metadata": {
                      "disable-legacy-endpoints": "true"
                    },
                    "min_cpu_platform": "",
                    "oauth_scopes": [
                      "https://www.googleapis.com/auth/logging.write",
                      "https://www.googleapis.com/auth/monitoring"
                    ],
                    "preemptible": false,
                    "service_account": "tf-gke-noteapp-cluster-1sxt@sca-tasks.iam.gserviceaccount.com",
                    "shielded_instance_config": [
                      {
                        "enable_integrity_monitoring": true,
                        "enable_secure_boot": false
                      }
                    ],
                    "tags": null,
                    "taint": [],
                    "workload_metadata_config": [
                      {
                        "node_metadata": "GKE_METADATA_SERVER"
                      }
                    ]
                  }
                ],
                "node_count": 0,
                "node_locations": [
                  "us-west1-a",
                  "us-west1-b",
                  "us-west1-c"
                ],
                "upgrade_settings": [
                  {
                    "max_surge": 1,
                    "max_unavailable": 0
                  }
                ],
                "version": "1.19.8-gke.1600"
              }
            ],
            "node_version": "1.19.8-gke.1600",
            "operation": null,
            "pod_security_policy_config": [],
            "private_cluster_config": [],
            "project": "sca-tasks",
            "release_channel": [
              {
                "channel": "UNSPECIFIED"
              }
            ],
            "remove_default_node_pool": false,
            "resource_labels": null,
            "resource_usage_export_config": [],
            "self_link": "https://container.googleapis.com/v1beta1/projects/sca-tasks/locations/us-west1/clusters/noteapp-cluster-prod",
            "services_ipv4_cidr": "10.30.0.0/16",
            "subnetwork": "projects/sca-tasks/regions/us-west1/subnetworks/gke-subnet-prod",
            "timeouts": {
              "create": "45m",
              "delete": "45m",
              "read": null,
              "update": "45m"
            },
            "vertical_pod_autoscaling": [
              {
                "enabled": false
              }
            ],
            "workload_identity_config": [
              {
                "identity_namespace": "sca-tasks.svc.id.goog"
              }
            ]
          },
          "sensitive_attributes": [],
          "private": "eyJlMmJmYjczMC1lY2FhLTExZTYtOGY4OC0zNDM2M2JjN2M0YzAiOnsiY3JlYXRlIjoyNzAwMDAwMDAwMDAwLCJkZWxldGUiOjI3MDAwMDAwMDAwMDAsInJlYWQiOjI0MDAwMDAwMDAwMDAsInVwZGF0ZSI6MjcwMDAwMDAwMDAwMH0sInNjaGVtYV92ZXJzaW9uIjoiMSJ9",
          "dependencies": [
            "module.gcp-network.module.subnets.google_compute_subnetwork.subnetwork",
            "module.gcp-network.module.vpc.google_compute_network.network",
            "module.gke.data.google_compute_zones.available",
            "module.gke.data.google_container_engine_versions.region",
            "module.gke.data.google_container_engine_versions.zone",
            "module.gke.google_service_account.cluster_service_account",
            "module.gke.random_shuffle.available_zones",
            "module.gke.random_string.cluster_service_account_suffix"
          ]
        }
      ]
    },
    {
      "module": "module.gke",
      "mode": "managed",
      "type": "google_container_node_pool",
      "name": "pools",
      "provider": "provider[\"registry.terraform.io/hashicorp/google\"]",
      "instances": [
        {
          "index_key": "node-pool",
          "schema_version": 1,
          "attributes": {
            "autoscaling": [
              {
                "max_node_count": 2,
                "min_node_count": 1
              }
            ],
            "cluster": "noteapp-cluster-prod",
            "id": "projects/sca-tasks/locations/us-west1/clusters/noteapp-cluster-prod/nodePools/node-pool",
            "initial_node_count": 1,
            "instance_group_urls": [
              "https://www.googleapis.com/compute/v1/projects/sca-tasks/zones/us-west1-a/instanceGroupManagers/gke-noteapp-cluster-prod-node-pool-29af4c8e-grp",
              "https://www.googleapis.com/compute/v1/projects/sca-tasks/zones/us-west1-b/instanceGroupManagers/gke-noteapp-cluster-prod-node-pool-6323c128-grp",
              "https://www.googleapis.com/compute/v1/projects/sca-tasks/zones/us-west1-c/instanceGroupManagers/gke-noteapp-cluster-prod-node-pool-4256197c-grp"
            ],
            "location": "us-west1",
            "management": [
              {
                "auto_repair": true,
                "auto_upgrade": true
              }
            ],
            "max_pods_per_node": 110,
            "name": "node-pool",
            "name_prefix": "",
            "node_config": [
              {
                "disk_size_gb": 30,
                "disk_type": "pd-standard",
                "guest_accelerator": [],
                "image_type": "COS",
                "labels": {
                  "cluster_name": "noteapp-cluster-prod",
                  "node_pool": "node-pool"
                },
                "local_ssd_count": 0,
                "machine_type": "e2-medium",
                "metadata": {
                  "cluster_name": "noteapp-cluster-prod",
                  "disable-legacy-endpoints": "true",
                  "node_pool": "node-pool"
                },
                "min_cpu_platform": "",
                "oauth_scopes": [
                  "https://www.googleapis.com/auth/cloud-platform"
                ],
                "preemptible": false,
                "service_account": "tf-gke-noteapp-cluster-1sxt@sca-tasks.iam.gserviceaccount.com",
                "shielded_instance_config": [
                  {
                    "enable_integrity_monitoring": true,
                    "enable_secure_boot": false
                  }
                ],
                "tags": [
                  "gke-noteapp-cluster-prod",
                  "gke-noteapp-cluster-prod-node-pool"
                ],
                "taint": [],
                "workload_metadata_config": [
                  {
                    "node_metadata": "GKE_METADATA_SERVER"
                  }
                ]
              }
            ],
            "node_count": 1,
            "node_locations": [
              "us-west1-a",
              "us-west1-b",
              "us-west1-c"
            ],
            "project": "sca-tasks",
            "timeouts": {
              "create": "45m",
              "delete": "45m",
              "update": "45m"
            },
            "upgrade_settings": [
              {
                "max_surge": 1,
                "max_unavailable": 0
              }
            ],
            "version": "1.19.8-gke.1600"
          },
          "sensitive_attributes": [],
          "private": "eyJlMmJmYjczMC1lY2FhLTExZTYtOGY4OC0zNDM2M2JjN2M0YzAiOnsiY3JlYXRlIjoyNzAwMDAwMDAwMDAwLCJkZWxldGUiOjI3MDAwMDAwMDAwMDAsInVwZGF0ZSI6MjcwMDAwMDAwMDAwMH0sInNjaGVtYV92ZXJzaW9uIjoiMSJ9",
          "dependencies": [
            "module.gcp-network.module.subnets.google_compute_subnetwork.subnetwork",
            "module.gcp-network.module.vpc.google_compute_network.network",
            "module.gke.data.google_compute_zones.available",
            "module.gke.data.google_container_engine_versions.region",
            "module.gke.data.google_container_engine_versions.zone",
            "module.gke.google_container_cluster.primary",
            "module.gke.google_service_account.cluster_service_account",
            "module.gke.random_shuffle.available_zones",
            "module.gke.random_string.cluster_service_account_suffix"
          ]
        }
      ]
    },
    {
      "module": "module.gke",
      "mode": "managed",
      "type": "google_project_iam_member",
      "name": "cluster_service_account-log_writer",
      "provider": "provider[\"registry.terraform.io/hashicorp/google\"]",
      "instances": [
        {
          "index_key": 0,
          "schema_version": 0,
          "attributes": {
            "condition": [],
            "etag": "BwXAdioN1tM=",
            "id": "sca-tasks/roles/logging.logWriter/serviceaccount:tf-gke-noteapp-cluster-1sxt@sca-tasks.iam.gserviceaccount.com",
            "member": "serviceAccount:tf-gke-noteapp-cluster-1sxt@sca-tasks.iam.gserviceaccount.com",
            "project": "sca-tasks",
            "role": "roles/logging.logWriter"
          },
          "sensitive_attributes": [],
          "private": "bnVsbA==",
          "dependencies": [
            "module.gke.google_service_account.cluster_service_account",
            "module.gke.random_string.cluster_service_account_suffix"
          ]
        }
      ]
    },
    {
      "module": "module.gke",
      "mode": "managed",
      "type": "google_project_iam_member",
      "name": "cluster_service_account-metric_writer",
      "provider": "provider[\"registry.terraform.io/hashicorp/google\"]",
      "instances": [
        {
          "index_key": 0,
          "schema_version": 0,
          "attributes": {
            "condition": [],
            "etag": "BwXAdisSqts=",
            "id": "sca-tasks/roles/monitoring.metricWriter/serviceaccount:tf-gke-noteapp-cluster-1sxt@sca-tasks.iam.gserviceaccount.com",
            "member": "serviceAccount:tf-gke-noteapp-cluster-1sxt@sca-tasks.iam.gserviceaccount.com",
            "project": "sca-tasks",
            "role": "roles/monitoring.metricWriter"
          },
          "sensitive_attributes": [],
          "private": "bnVsbA==",
          "dependencies": [
            "module.gke.google_project_iam_member.cluster_service_account-log_writer",
            "module.gke.google_service_account.cluster_service_account",
            "module.gke.random_string.cluster_service_account_suffix"
          ]
        }
      ]
    },
    {
      "module": "module.gke",
      "mode": "managed",
      "type": "google_project_iam_member",
      "name": "cluster_service_account-monitoring_viewer",
      "provider": "provider[\"registry.terraform.io/hashicorp/google\"]",
      "instances": [
        {
          "index_key": 0,
          "schema_version": 0,
          "attributes": {
            "condition": [],
            "etag": "BwXAdiv8B7M=",
            "id": "sca-tasks/roles/monitoring.viewer/serviceaccount:tf-gke-noteapp-cluster-1sxt@sca-tasks.iam.gserviceaccount.com",
            "member": "serviceAccount:tf-gke-noteapp-cluster-1sxt@sca-tasks.iam.gserviceaccount.com",
            "project": "sca-tasks",
            "role": "roles/monitoring.viewer"
          },
          "sensitive_attributes": [],
          "private": "bnVsbA==",
          "dependencies": [
            "module.gke.google_project_iam_member.cluster_service_account-log_writer",
            "module.gke.google_project_iam_member.cluster_service_account-metric_writer",
            "module.gke.google_service_account.cluster_service_account",
            "module.gke.random_string.cluster_service_account_suffix"
          ]
        }
      ]
    },
    {
      "module": "module.gke",
      "mode": "managed",
      "type": "google_project_iam_member",
      "name": "cluster_service_account-resourceMetadata-writer",
      "provider": "provider[\"registry.terraform.io/hashicorp/google\"]",
      "instances": [
        {
          "index_key": 0,
          "schema_version": 0,
          "attributes": {
            "condition": [],
            "etag": "BwXAdizrhu4=",
            "id": "sca-tasks/roles/stackdriver.resourceMetadata.writer/serviceaccount:tf-gke-noteapp-cluster-1sxt@sca-tasks.iam.gserviceaccount.com",
            "member": "serviceAccount:tf-gke-noteapp-cluster-1sxt@sca-tasks.iam.gserviceaccount.com",
            "project": "sca-tasks",
            "role": "roles/stackdriver.resourceMetadata.writer"
          },
          "sensitive_attributes": [],
          "private": "bnVsbA==",
          "dependencies": [
            "module.gke.google_project_iam_member.cluster_service_account-log_writer",
            "module.gke.google_project_iam_member.cluster_service_account-metric_writer",
            "module.gke.google_project_iam_member.cluster_service_account-monitoring_viewer",
            "module.gke.google_service_account.cluster_service_account",
            "module.gke.random_string.cluster_service_account_suffix"
          ]
        }
      ]
    },
    {
      "module": "module.gke",
      "mode": "managed",
      "type": "google_service_account",
      "name": "cluster_service_account",
      "provider": "provider[\"registry.terraform.io/hashicorp/google\"]",
      "instances": [
        {
          "index_key": 0,
          "schema_version": 0,
          "attributes": {
            "account_id": "tf-gke-noteapp-cluster-1sxt",
            "description": "",
            "display_name": "Terraform-managed service account for cluster noteapp-cluster-prod",
            "email": "tf-gke-noteapp-cluster-1sxt@sca-tasks.iam.gserviceaccount.com",
            "id": "projects/sca-tasks/serviceAccounts/tf-gke-noteapp-cluster-1sxt@sca-tasks.iam.gserviceaccount.com",
            "name": "projects/sca-tasks/serviceAccounts/tf-gke-noteapp-cluster-1sxt@sca-tasks.iam.gserviceaccount.com",
            "project": "sca-tasks",
            "timeouts": null,
            "unique_id": "105393135988868016650"
          },
          "sensitive_attributes": [],
          "private": "eyJlMmJmYjczMC1lY2FhLTExZTYtOGY4OC0zNDM2M2JjN2M0YzAiOnsiY3JlYXRlIjozMDAwMDAwMDAwMDB9fQ==",
          "dependencies": [
            "module.gke.random_string.cluster_service_account_suffix"
          ]
        }
      ]
    },
    {
      "module": "module.gke",
      "mode": "managed",
      "type": "random_shuffle",
      "name": "available_zones",
      "provider": "provider[\"registry.terraform.io/hashicorp/random\"]",
      "instances": [
        {
          "schema_version": 0,
          "attributes": {
            "id": "-",
            "input": [
              "us-west1-a",
              "us-west1-b",
              "us-west1-c"
            ],
            "keepers": null,
            "result": [
              "us-west1-c",
              "us-west1-b",
              "us-west1-a"
            ],
            "result_count": 3,
            "seed": null
          },
          "sensitive_attributes": [],
          "private": "bnVsbA==",
          "dependencies": [
            "module.gke.data.google_compute_zones.available"
          ]
        }
      ]
    },
    {
      "module": "module.gke",
      "mode": "managed",
      "type": "random_string",
      "name": "cluster_service_account_suffix",
      "provider": "provider[\"registry.terraform.io/hashicorp/random\"]",
      "instances": [
        {
          "schema_version": 1,
          "attributes": {
            "id": "1sxt",
            "keepers": null,
            "length": 4,
            "lower": true,
            "min_lower": 0,
            "min_numeric": 0,
            "min_special": 0,
            "min_upper": 0,
            "number": true,
            "override_special": null,
            "result": "1sxt",
            "special": false,
            "upper": false
          },
          "sensitive_attributes": [],
          "private": "eyJzY2hlbWFfdmVyc2lvbiI6IjEifQ=="
        }
      ]
    },
    {
      "module": "module.gke.module.gcloud_delete_default_kube_dns_configmap.module.gcloud_kubectl",
      "mode": "managed",
      "type": "null_resource",
      "name": "module_depends_on",
      "provider": "provider[\"registry.terraform.io/hashicorp/null\"]",
      "instances": [
        {
          "index_key": 0,
          "schema_version": 0,
          "attributes": {
            "id": "3386111174755724106",
            "triggers": {
              "value": "3"
            }
          },
          "sensitive_attributes": [],
          "private": "bnVsbA==",
          "dependencies": [
            "module.gcp-network.module.subnets.google_compute_subnetwork.subnetwork",
            "module.gcp-network.module.vpc.google_compute_network.network",
            "module.gke.data.google_client_config.default",
            "module.gke.data.google_compute_zones.available",
            "module.gke.data.google_container_engine_versions.region",
            "module.gke.data.google_container_engine_versions.zone",
            "module.gke.google_container_cluster.primary",
            "module.gke.google_container_node_pool.pools",
            "module.gke.google_service_account.cluster_service_account",
            "module.gke.random_shuffle.available_zones",
            "module.gke.random_string.cluster_service_account_suffix"
          ]
        }
      ]
    },
    {
      "module": "module.gke_auth",
      "mode": "data",
      "type": "google_client_config",
      "name": "provider",
      "provider": "provider[\"registry.terraform.io/hashicorp/google\"]",
      "instances": [
        {
          "schema_version": 0,
          "attributes": {
            "access_token": "ya29.a0AfH6SMAkGXMHqUUC1xoJgz6oz1PkmjvQGKMSsdPW0xPxoGNKXn8uMP_Urren4S7AU3l_qhC7xQjM2Y16Mo8dMkHwTJ6yeZpKSYdjP3zMn1WIzCK1yPPcIpArfnIMYexi5LpiMmw_ED8QmRXpJCaa-nVoEqcKdA",
            "id": "projects/sca-tasks/regions//zones/",
            "project": "sca-tasks",
            "region": "",
            "zone": ""
          },
          "sensitive_attributes": []
        }
      ]
    },
    {
      "module": "module.gke_auth",
      "mode": "data",
      "type": "google_container_cluster",
      "name": "gke_cluster",
      "provider": "provider[\"registry.terraform.io/hashicorp/google\"]",
      "instances": [
        {
          "schema_version": 0,
          "attributes": {
            "addons_config": [
              {
                "cloudrun_config": [],
                "horizontal_pod_autoscaling": [
                  {
                    "disabled": false
                  }
                ],
                "http_load_balancing": [
                  {
                    "disabled": false
                  }
                ],
                "network_policy_config": [
                  {
                    "disabled": true
                  }
                ]
              }
            ],
            "authenticator_groups_config": [],
            "cluster_autoscaling": [
              {
                "auto_provisioning_defaults": [],
                "enabled": false,
                "resource_limits": []
              }
            ],
            "cluster_ipv4_cidr": "10.20.0.0/16",
            "database_encryption": [
              {
                "key_name": "",
                "state": "DECRYPTED"
              }
            ],
            "default_max_pods_per_node": 110,
            "description": "",
            "enable_binary_authorization": false,
            "enable_intranode_visibility": null,
            "enable_kubernetes_alpha": false,
            "enable_legacy_abac": false,
            "enable_shielded_nodes": true,
            "enable_tpu": null,
            "endpoint": "35.185.220.23",
            "id": "projects/sca-tasks/locations/us-west1/clusters/noteapp-cluster-prod",
            "initial_node_count": 0,
            "instance_group_urls": [
              "https://www.googleapis.com/compute/v1/projects/sca-tasks/zones/us-west1-a/instanceGroups/gke-noteapp-cluster-prod-default-pool-ae1d220f-grp",
              "https://www.googleapis.com/compute/v1/projects/sca-tasks/zones/us-west1-b/instanceGroups/gke-noteapp-cluster-prod-default-pool-b9ce49b1-grp",
              "https://www.googleapis.com/compute/v1/projects/sca-tasks/zones/us-west1-c/instanceGroups/gke-noteapp-cluster-prod-default-pool-be388082-grp",
              "https://www.googleapis.com/compute/v1/projects/sca-tasks/zones/us-west1-a/instanceGroups/gke-noteapp-cluster-prod-node-pool-29af4c8e-grp",
              "https://www.googleapis.com/compute/v1/projects/sca-tasks/zones/us-west1-b/instanceGroups/gke-noteapp-cluster-prod-node-pool-6323c128-grp",
              "https://www.googleapis.com/compute/v1/projects/sca-tasks/zones/us-west1-c/instanceGroups/gke-noteapp-cluster-prod-node-pool-4256197c-grp"
            ],
            "ip_allocation_policy": [
              {
                "cluster_ipv4_cidr_block": "10.20.0.0/16",
                "cluster_secondary_range_name": "ip-range-pods",
                "services_ipv4_cidr_block": "10.30.0.0/16",
                "services_secondary_range_name": "ip-range-services"
              }
            ],
            "label_fingerprint": "a9dc16a7",
            "location": "us-west1",
            "logging_service": "logging.googleapis.com/kubernetes",
            "maintenance_policy": [
              {
                "daily_maintenance_window": [
                  {
                    "duration": "PT4H0M0S",
                    "start_time": "05:00"
                  }
                ],
                "recurring_window": []
              }
            ],
            "master_auth": [
              {
                "client_certificate": "",
                "client_certificate_config": [
                  {
                    "issue_client_certificate": false
                  }
                ],
                "client_key": "",
                "cluster_ca_certificate": "LS0tLS1CRUdJTiBDRVJUSUZJQ0FURS0tLS0tCk1JSURLekNDQWhPZ0F3SUJBZ0lSQU9mWjVuNXRMTzd4dGtkU2FhVVo1ak13RFFZSktvWklodmNOQVFFTEJRQXcKTHpFdE1Dc0dBMVVFQXhNa04yRTRNR00zT1dZdE4yWmxPQzAwWkRneExUaGlNMlF0TWpnMk5ESmhOMkptWkRsaApNQjRYRFRJeE1EUXlNVEEyTURReE1sb1hEVEkyTURReU1EQTNNRFF4TWxvd0x6RXRNQ3NHQTFVRUF4TWtOMkU0Ck1HTTNPV1l0TjJabE9DMDBaRGd4TFRoaU0yUXRNamcyTkRKaE4ySm1aRGxoTUlJQklqQU5CZ2txaGtpRzl3MEIKQVFFRkFBT0NBUThBTUlJQkNnS0NBUUVBeUxNWFlkV3VlWC9oU1lVMEdUMmNWbXZLMmJDZ3Nxem9JMmpsRHRGZApxUzU2Rnk1SjEySU93V3pZMHJ6d211RjhvYTZmS0RINkFNMnFkcWdraHZOdDVYQ3JLUm5MT3MvMm5BazhVM2lpCldTbHRKUlk1bVhwQ2FwK0d4Snp1dWg1ZjZPRGtOKzAyZGwvVFlNRkY3Z3BzVHVFZ2QyMEcvanhNSFpPT3NkblgKWDdXNVh4YWdpRjdXQVpEaFNGdUkvZElsSzR5NmdlUEdjemtzd2c5K0JMOUgyMkdsRDVYUThGYUhSYXNTcVFFMwpJUlVma2IrckxNRE9VWEJMYVphM2xNSzhFQWdWVnkrMjJ0OHlzeGxlNGo2a1NaSGdSMUU4WXVoRDhPRk5vNGFTCjZ2dGU5cjI2dVJDRHhWT05RbGdjTFJsS3Q4amoxbGVNUE1PYWFRUTZzSXhwMHdJREFRQUJvMEl3UURBT0JnTlYKSFE4QkFmOEVCQU1DQWdRd0R3WURWUjBUQVFIL0JBVXdBd0VCL3pBZEJnTlZIUTRFRmdRVTI1TUVaMmNmM0g3VApSa29EMGJtdUZRYVA0a013RFFZSktvWklodmNOQVFFTEJRQURnZ0VCQURrbWIwVTA5cFViQTZmRzBlQitTT056CjZoZDhBejFlbVF1RXNxM3Z4TGRyTll5cDRvRTlSWExtZ0ptazdkSGtTVlZOOE1UUmQ2WWZSUmxSdmVTa0tGVDMKbFpRQmhEZXU3N0U2dTVSTGF0QlN3cmRWQTlIUEo5bVpzQlVGaHN2elJObmVXZC9OdFRvMWhySndkaG9zclBHeQozaXQ0Mis0MjVRVlhRN0tHbWpVNjgwVVBGbzc1WWpzMkZIdU5HbXgwaXI5NVFUcUc4c2tyU09hNzBxNTlsSlZqCkRyMDM5T2pZaGpKUWFwMzNqSlNFT05WUzh5T3hyY1gzWGRlbVVPOU4wdm5STjdqTlcxSXdEZXRPWm5kYWFkeVMKQ3MzZ0xHUHE0WGYrQ2FKZXdUNFFWeWp2aGVTbC92UGcrejgzNHlMZitrV3FhV2FXMnI3TkRKK2huRmt4YUJrPQotLS0tLUVORCBDRVJUSUZJQ0FURS0tLS0tCg==",
                "password": "",
                "username": ""
              }
            ],
            "master_authorized_networks_config": [],
            "master_version": "1.19.8-gke.1600",
            "min_master_version": null,
            "monitoring_service": "monitoring.googleapis.com/kubernetes",
            "name": "noteapp-cluster-prod",
            "network": "projects/sca-tasks/global/networks/gke-network-prod",
            "network_policy": [
              {
                "enabled": false,
                "provider": "PROVIDER_UNSPECIFIED"
              }
            ],
            "node_config": [
              {
                "disk_size_gb": 100,
                "disk_type": "pd-standard",
                "guest_accelerator": [],
                "image_type": "COS_CONTAINERD",
                "labels": {},
                "local_ssd_count": 0,
                "machine_type": "e2-medium",
                "metadata": {
                  "disable-legacy-endpoints": "true"
                },
                "min_cpu_platform": "",
                "oauth_scopes": [
                  "https://www.googleapis.com/auth/logging.write",
                  "https://www.googleapis.com/auth/monitoring"
                ],
                "preemptible": false,
                "service_account": "tf-gke-noteapp-cluster-1sxt@sca-tasks.iam.gserviceaccount.com",
                "shielded_instance_config": [
                  {
                    "enable_integrity_monitoring": true,
                    "enable_secure_boot": false
                  }
                ],
                "tags": [],
                "taint": [],
                "workload_metadata_config": [
                  {
                    "node_metadata": "GKE_METADATA_SERVER"
                  }
                ]
              }
            ],
            "node_locations": [
              "us-west1-a",
              "us-west1-b",
              "us-west1-c"
            ],
            "node_pool": [
              {
                "autoscaling": [],
                "initial_node_count": 0,
                "instance_group_urls": [
                  "https://www.googleapis.com/compute/v1/projects/sca-tasks/zones/us-west1-a/instanceGroupManagers/gke-noteapp-cluster-prod-default-pool-ae1d220f-grp",
                  "https://www.googleapis.com/compute/v1/projects/sca-tasks/zones/us-west1-b/instanceGroupManagers/gke-noteapp-cluster-prod-default-pool-b9ce49b1-grp",
                  "https://www.googleapis.com/compute/v1/projects/sca-tasks/zones/us-west1-c/instanceGroupManagers/gke-noteapp-cluster-prod-default-pool-be388082-grp"
                ],
                "management": [
                  {
                    "auto_repair": true,
                    "auto_upgrade": true
                  }
                ],
                "max_pods_per_node": 110,
                "name": "default-pool",
                "name_prefix": "",
                "node_config": [
                  {
                    "disk_size_gb": 100,
                    "disk_type": "pd-standard",
                    "guest_accelerator": [],
                    "image_type": "COS_CONTAINERD",
                    "labels": {},
                    "local_ssd_count": 0,
                    "machine_type": "e2-medium",
                    "metadata": {
                      "disable-legacy-endpoints": "true"
                    },
                    "min_cpu_platform": "",
                    "oauth_scopes": [
                      "https://www.googleapis.com/auth/logging.write",
                      "https://www.googleapis.com/auth/monitoring"
                    ],
                    "preemptible": false,
                    "service_account": "tf-gke-noteapp-cluster-1sxt@sca-tasks.iam.gserviceaccount.com",
                    "shielded_instance_config": [
                      {
                        "enable_integrity_monitoring": true,
                        "enable_secure_boot": false
                      }
                    ],
                    "tags": [],
                    "taint": [],
                    "workload_metadata_config": [
                      {
                        "node_metadata": "GKE_METADATA_SERVER"
                      }
                    ]
                  }
                ],
                "node_count": 0,
                "node_locations": [
                  "us-west1-a",
                  "us-west1-b",
                  "us-west1-c"
                ],
                "upgrade_settings": [
                  {
                    "max_surge": 1,
                    "max_unavailable": 0
                  }
                ],
                "version": "1.19.8-gke.1600"
              },
              {
                "autoscaling": [
                  {
                    "max_node_count": 2,
                    "min_node_count": 1
                  }
                ],
                "initial_node_count": 1,
                "instance_group_urls": [
                  "https://www.googleapis.com/compute/v1/projects/sca-tasks/zones/us-west1-a/instanceGroupManagers/gke-noteapp-cluster-prod-node-pool-29af4c8e-grp",
                  "https://www.googleapis.com/compute/v1/projects/sca-tasks/zones/us-west1-b/instanceGroupManagers/gke-noteapp-cluster-prod-node-pool-6323c128-grp",
                  "https://www.googleapis.com/compute/v1/projects/sca-tasks/zones/us-west1-c/instanceGroupManagers/gke-noteapp-cluster-prod-node-pool-4256197c-grp"
                ],
                "management": [
                  {
                    "auto_repair": true,
                    "auto_upgrade": true
                  }
                ],
                "max_pods_per_node": 110,
                "name": "node-pool",
                "name_prefix": "",
                "node_config": [
                  {
                    "disk_size_gb": 30,
                    "disk_type": "pd-standard",
                    "guest_accelerator": [],
                    "image_type": "COS",
                    "labels": {
                      "cluster_name": "noteapp-cluster-prod",
                      "node_pool": "node-pool"
                    },
                    "local_ssd_count": 0,
                    "machine_type": "e2-medium",
                    "metadata": {
                      "cluster_name": "noteapp-cluster-prod",
                      "disable-legacy-endpoints": "true",
                      "node_pool": "node-pool"
                    },
                    "min_cpu_platform": "",
                    "oauth_scopes": [
                      "https://www.googleapis.com/auth/cloud-platform"
                    ],
                    "preemptible": false,
                    "service_account": "tf-gke-noteapp-cluster-1sxt@sca-tasks.iam.gserviceaccount.com",
                    "shielded_instance_config": [
                      {
                        "enable_integrity_monitoring": true,
                        "enable_secure_boot": false
                      }
                    ],
                    "tags": [
                      "gke-noteapp-cluster-prod",
                      "gke-noteapp-cluster-prod-node-pool"
                    ],
                    "taint": [],
                    "workload_metadata_config": [
                      {
                        "node_metadata": "GKE_METADATA_SERVER"
                      }
                    ]
                  }
                ],
                "node_count": 1,
                "node_locations": [
                  "us-west1-a",
                  "us-west1-b",
                  "us-west1-c"
                ],
                "upgrade_settings": [
                  {
                    "max_surge": 1,
                    "max_unavailable": 0
                  }
                ],
                "version": "1.19.8-gke.1600"
              }
            ],
            "node_version": "1.19.8-gke.1600",
            "operation": null,
            "pod_security_policy_config": null,
            "private_cluster_config": [],
            "project": "sca-tasks",
            "release_channel": [
              {
                "channel": "UNSPECIFIED"
              }
            ],
            "remove_default_node_pool": null,
            "resource_labels": {},
            "resource_usage_export_config": [],
            "self_link": "https://container.googleapis.com/v1beta1/projects/sca-tasks/locations/us-west1/clusters/noteapp-cluster-prod",
            "services_ipv4_cidr": "10.30.0.0/16",
            "subnetwork": "projects/sca-tasks/regions/us-west1/subnetworks/gke-subnet-prod",
            "vertical_pod_autoscaling": [
              {
                "enabled": false
              }
            ],
            "workload_identity_config": [
              {
                "identity_namespace": "sca-tasks.svc.id.goog"
              }
            ]
          },
          "sensitive_attributes": []
        }
      ]
    },
    {
      "module": "module.gke_auth",
      "mode": "data",
      "type": "template_file",
      "name": "kubeconfig",
      "provider": "provider[\"registry.terraform.io/hashicorp/template\"]",
      "instances": [
        {
          "schema_version": 0,
          "attributes": {
            "filename": null,
            "id": "3c68a7e63be973fb8b0eed0328bacd7958d4cf1f59d2d878ad926899ece2c528",
            "rendered": "apiVersion: v1\r\nclusters:\r\n- cluster:\r\n    certificate-authority-data: LS0tLS1CRUdJTiBDRVJUSUZJQ0FURS0tLS0tCk1JSURLekNDQWhPZ0F3SUJBZ0lSQU9mWjVuNXRMTzd4dGtkU2FhVVo1ak13RFFZSktvWklodmNOQVFFTEJRQXcKTHpFdE1Dc0dBMVVFQXhNa04yRTRNR00zT1dZdE4yWmxPQzAwWkRneExUaGlNMlF0TWpnMk5ESmhOMkptWkRsaApNQjRYRFRJeE1EUXlNVEEyTURReE1sb1hEVEkyTURReU1EQTNNRFF4TWxvd0x6RXRNQ3NHQTFVRUF4TWtOMkU0Ck1HTTNPV1l0TjJabE9DMDBaRGd4TFRoaU0yUXRNamcyTkRKaE4ySm1aRGxoTUlJQklqQU5CZ2txaGtpRzl3MEIKQVFFRkFBT0NBUThBTUlJQkNnS0NBUUVBeUxNWFlkV3VlWC9oU1lVMEdUMmNWbXZLMmJDZ3Nxem9JMmpsRHRGZApxUzU2Rnk1SjEySU93V3pZMHJ6d211RjhvYTZmS0RINkFNMnFkcWdraHZOdDVYQ3JLUm5MT3MvMm5BazhVM2lpCldTbHRKUlk1bVhwQ2FwK0d4Snp1dWg1ZjZPRGtOKzAyZGwvVFlNRkY3Z3BzVHVFZ2QyMEcvanhNSFpPT3NkblgKWDdXNVh4YWdpRjdXQVpEaFNGdUkvZElsSzR5NmdlUEdjemtzd2c5K0JMOUgyMkdsRDVYUThGYUhSYXNTcVFFMwpJUlVma2IrckxNRE9VWEJMYVphM2xNSzhFQWdWVnkrMjJ0OHlzeGxlNGo2a1NaSGdSMUU4WXVoRDhPRk5vNGFTCjZ2dGU5cjI2dVJDRHhWT05RbGdjTFJsS3Q4amoxbGVNUE1PYWFRUTZzSXhwMHdJREFRQUJvMEl3UURBT0JnTlYKSFE4QkFmOEVCQU1DQWdRd0R3WURWUjBUQVFIL0JBVXdBd0VCL3pBZEJnTlZIUTRFRmdRVTI1TUVaMmNmM0g3VApSa29EMGJtdUZRYVA0a013RFFZSktvWklodmNOQVFFTEJRQURnZ0VCQURrbWIwVTA5cFViQTZmRzBlQitTT056CjZoZDhBejFlbVF1RXNxM3Z4TGRyTll5cDRvRTlSWExtZ0ptazdkSGtTVlZOOE1UUmQ2WWZSUmxSdmVTa0tGVDMKbFpRQmhEZXU3N0U2dTVSTGF0QlN3cmRWQTlIUEo5bVpzQlVGaHN2elJObmVXZC9OdFRvMWhySndkaG9zclBHeQozaXQ0Mis0MjVRVlhRN0tHbWpVNjgwVVBGbzc1WWpzMkZIdU5HbXgwaXI5NVFUcUc4c2tyU09hNzBxNTlsSlZqCkRyMDM5T2pZaGpKUWFwMzNqSlNFT05WUzh5T3hyY1gzWGRlbVVPOU4wdm5STjdqTlcxSXdEZXRPWm5kYWFkeVMKQ3MzZ0xHUHE0WGYrQ2FKZXdUNFFWeWp2aGVTbC92UGcrejgzNHlMZitrV3FhV2FXMnI3TkRKK2huRmt4YUJrPQotLS0tLUVORCBDRVJUSUZJQ0FURS0tLS0tCg==\r\n    server: https://35.185.220.23\r\n  name: noteapp-cluster-prod\r\ncontexts:\r\n- context:\r\n    cluster: noteapp-cluster-prod\r\n    user: noteapp-cluster-prod\r\n  name: noteapp-cluster-prod\r\ncurrent-context: noteapp-cluster-prod\r\nkind: Config\r\npreferences: {}\r\nusers:\r\n- name: noteapp-cluster-prod\r\n  user:\r\n    token: ya29.a0AfH6SMAkGXMHqUUC1xoJgz6oz1PkmjvQGKMSsdPW0xPxoGNKXn8uMP_Urren4S7AU3l_qhC7xQjM2Y16Mo8dMkHwTJ6yeZpKSYdjP3zMn1WIzCK1yPPcIpArfnIMYexi5LpiMmw_ED8QmRXpJCaa-nVoEqcKdA\r\n",
            "template": "apiVersion: v1\r\nclusters:\r\n- cluster:\r\n    certificate-authority-data: ${cluster_ca_certificate}\r\n    server: https://${endpoint}\r\n  name: ${context}\r\ncontexts:\r\n- context:\r\n    cluster: ${context}\r\n    user: ${context}\r\n  name: ${context}\r\ncurrent-context: ${context}\r\nkind: Config\r\npreferences: {}\r\nusers:\r\n- name: ${context}\r\n  user:\r\n    token: ${token}\r\n",
            "vars": {
              "cluster_ca_certificate": "LS0tLS1CRUdJTiBDRVJUSUZJQ0FURS0tLS0tCk1JSURLekNDQWhPZ0F3SUJBZ0lSQU9mWjVuNXRMTzd4dGtkU2FhVVo1ak13RFFZSktvWklodmNOQVFFTEJRQXcKTHpFdE1Dc0dBMVVFQXhNa04yRTRNR00zT1dZdE4yWmxPQzAwWkRneExUaGlNMlF0TWpnMk5ESmhOMkptWkRsaApNQjRYRFRJeE1EUXlNVEEyTURReE1sb1hEVEkyTURReU1EQTNNRFF4TWxvd0x6RXRNQ3NHQTFVRUF4TWtOMkU0Ck1HTTNPV1l0TjJabE9DMDBaRGd4TFRoaU0yUXRNamcyTkRKaE4ySm1aRGxoTUlJQklqQU5CZ2txaGtpRzl3MEIKQVFFRkFBT0NBUThBTUlJQkNnS0NBUUVBeUxNWFlkV3VlWC9oU1lVMEdUMmNWbXZLMmJDZ3Nxem9JMmpsRHRGZApxUzU2Rnk1SjEySU93V3pZMHJ6d211RjhvYTZmS0RINkFNMnFkcWdraHZOdDVYQ3JLUm5MT3MvMm5BazhVM2lpCldTbHRKUlk1bVhwQ2FwK0d4Snp1dWg1ZjZPRGtOKzAyZGwvVFlNRkY3Z3BzVHVFZ2QyMEcvanhNSFpPT3NkblgKWDdXNVh4YWdpRjdXQVpEaFNGdUkvZElsSzR5NmdlUEdjemtzd2c5K0JMOUgyMkdsRDVYUThGYUhSYXNTcVFFMwpJUlVma2IrckxNRE9VWEJMYVphM2xNSzhFQWdWVnkrMjJ0OHlzeGxlNGo2a1NaSGdSMUU4WXVoRDhPRk5vNGFTCjZ2dGU5cjI2dVJDRHhWT05RbGdjTFJsS3Q4amoxbGVNUE1PYWFRUTZzSXhwMHdJREFRQUJvMEl3UURBT0JnTlYKSFE4QkFmOEVCQU1DQWdRd0R3WURWUjBUQVFIL0JBVXdBd0VCL3pBZEJnTlZIUTRFRmdRVTI1TUVaMmNmM0g3VApSa29EMGJtdUZRYVA0a013RFFZSktvWklodmNOQVFFTEJRQURnZ0VCQURrbWIwVTA5cFViQTZmRzBlQitTT056CjZoZDhBejFlbVF1RXNxM3Z4TGRyTll5cDRvRTlSWExtZ0ptazdkSGtTVlZOOE1UUmQ2WWZSUmxSdmVTa0tGVDMKbFpRQmhEZXU3N0U2dTVSTGF0QlN3cmRWQTlIUEo5bVpzQlVGaHN2elJObmVXZC9OdFRvMWhySndkaG9zclBHeQozaXQ0Mis0MjVRVlhRN0tHbWpVNjgwVVBGbzc1WWpzMkZIdU5HbXgwaXI5NVFUcUc4c2tyU09hNzBxNTlsSlZqCkRyMDM5T2pZaGpKUWFwMzNqSlNFT05WUzh5T3hyY1gzWGRlbVVPOU4wdm5STjdqTlcxSXdEZXRPWm5kYWFkeVMKQ3MzZ0xHUHE0WGYrQ2FKZXdUNFFWeWp2aGVTbC92UGcrejgzNHlMZitrV3FhV2FXMnI3TkRKK2huRmt4YUJrPQotLS0tLUVORCBDRVJUSUZJQ0FURS0tLS0tCg==",
              "context": "noteapp-cluster-prod",
              "endpoint": "35.185.220.23",
              "token": "ya29.a0AfH6SMAkGXMHqUUC1xoJgz6oz1PkmjvQGKMSsdPW0xPxoGNKXn8uMP_Urren4S7AU3l_qhC7xQjM2Y16Mo8dMkHwTJ6yeZpKSYdjP3zMn1WIzCK1yPPcIpArfnIMYexi5LpiMmw_ED8QmRXpJCaa-nVoEqcKdA"
            }
          },
          "sensitive_attributes": []
        }
      ]
    }
  ]
}
